
Microsoft Visual Studio Solution File, Format Version 12.00
# Visual Studio Version 16
VisualStudioVersion = 16.0.29409.12
MinimumVisualStudioVersion = 10.0.40219.1
Project("{FAE04EC0-301F-11D3-BF4B-00C04F79EFBC}") = "Interface", "Interface\Interface.csproj", "{86F25B9A-935E-4F52-A85B-320B93C26882}"
EndProject
Global
	GlobalSection(SolutionConfigurationPlatforms) = preSolution
		Debug|Any CPU = Debug|Any CPU
		Release|Any CPU = Release|Any CPU
	EndGlobalSection
	GlobalSection(ProjectConfigurationPlatforms) = postSolution
		{86F25B9A-935E-4F52-A85B-320B93C26882}.Debug|Any CPU.ActiveCfg = Debug|Any CPU
		{86F25B9A-935E-4F52-A85B-320B93C26882}.Debug|Any CPU.Build.0 = Debug|Any CPU
		{86F25B9A-935E-4F52-A85B-320B93C26882}.Release|Any CPU.ActiveCfg = Release|Any CPU
		{86F25B9A-935E-4F52-A85B-320B93C26882}.Release|Any CPU.Build.0 = Release|Any CPU
	EndGlobalSection
	GlobalSection(SolutionProperties) = preSolution
		HideSolutionNode = FALSE
	EndGlobalSection
	GlobalSection(ExtensibilityGlobals) = postSolution
		SolutionGuid = {0DFE7F0E-5BA4-4C49-83D1-95A4715C724E}
	EndGlobalSection
EndGlobal
